
Microsoft Visual Studio Solution File, Format Version 12.00
Project("{FAE04EC0-301F-11D3-BF4B-00C04F79EFBC}") = "ConsoleApp1", "ConsoleApp1\ConsoleApp1.csproj", "{097DCD76-F29B-4AC6-9FB5-37955340659C}"
EndProject
Project("{FAE04EC0-301F-11D3-BF4B-00C04F79EFBC}") = "TestProject1", "TestProject1\TestProject1.csproj", "{F357C8F9-E5C2-4B29-9065-F3CF5C7469AE}"
EndProject
Global
	GlobalSection(SolutionConfigurationPlatforms) = preSolution
		Debug|Any CPU = Debug|Any CPU
		Release|Any CPU = Release|Any CPU
	EndGlobalSection
	GlobalSection(ProjectConfigurationPlatforms) = postSolution
		{097DCD76-F29B-4AC6-9FB5-37955340659C}.Debug|Any CPU.ActiveCfg = Debug|Any CPU
		{097DCD76-F29B-4AC6-9FB5-37955340659C}.Debug|Any CPU.Build.0 = Debug|Any CPU
		{097DCD76-F29B-4AC6-9FB5-37955340659C}.Release|Any CPU.ActiveCfg = Release|Any CPU
		{097DCD76-F29B-4AC6-9FB5-37955340659C}.Release|Any CPU.Build.0 = Release|Any CPU
		{F357C8F9-E5C2-4B29-9065-F3CF5C7469AE}.Debug|Any CPU.ActiveCfg = Debug|Any CPU
		{F357C8F9-E5C2-4B29-9065-F3CF5C7469AE}.Debug|Any CPU.Build.0 = Debug|Any CPU
		{F357C8F9-E5C2-4B29-9065-F3CF5C7469AE}.Release|Any CPU.ActiveCfg = Release|Any CPU
		{F357C8F9-E5C2-4B29-9065-F3CF5C7469AE}.Release|Any CPU.Build.0 = Release|Any CPU
	EndGlobalSection
EndGlobal
